PODS:
  - TapAdditionsKitV2 (0.0.7):
    - TapSwiftFixesV2
  - TapNibViewV2 (0.0.2):
    - TapAdditionsKitV2
  - TapSwiftFixesV2 (1.0.0):
    - TapSwiftFixesV2/CoreGraphics (= 1.0.0)
    - TapSwiftFixesV2/Exceptions (= 1.0.0)
    - TapSwiftFixesV2/Threading (= 1.0.0)
  - TapSwiftFixesV2/CoreGraphics (1.0.0)
  - TapSwiftFixesV2/Exceptions (1.0.0)
  - TapSwiftFixesV2/Threading (1.0.0)

DEPENDENCIES:
  - TapAdditionsKitV2
  - TapNibViewV2 (~> 0.0.2)

SPEC REPOS:
  trunk:
    - TapAdditionsKitV2
    - TapNibViewV2
    - TapSwiftFixesV2

SPEC CHECKSUMS:
  TapAdditionsKitV2: 89a0ef85d6aa659ff3102b632914466924ce3ccb
  TapNibViewV2: 814b18346837d9dab611a211a702b9b0b8369d07
  TapSwiftFixesV2: a8623a7273c6790b9754ec7e272e96fce7d3a800

PODFILE CHECKSUM: 8dda394b7f923b56268ec8f72ad9ce621bb1e8bf

COCOAPODS: 1.9.3
